PODS:
  - Masonry (1.1.0)
  - MJRefresh (3.5.0)
  - ReactiveObjC (3.1.1)
  - SDWebImage (5.9.5):
    - SDWebImage/Core (= 5.9.5)
  - SDWebImage/Core (5.9.5)
  - SSZipArchive (2.2.2)
  - SVProgressHUD (2.2.5)
  - UIFontWDCustomLoader (0.1.0)
  - "UITableView+FDTemplateLayoutCell (1.6)"
  - Valet (2.4.2)
  - XTBase (1.3.4):
    - Masonry
    - MJRefresh
    - ReactiveObjC
    - SDWebImage
    - SSZipArchive
    - SVProgressHUD
    - UIFontWDCustomLoader
    - "UITableView+FDTemplateLayoutCell"
    - Valet (= 2.4.2)
    - YYModel
  - YYModel (1.0.4)

DEPENDENCIES:
  - XTBase

SPEC REPOS:
  https://github.com/CocoaPods/Specs.git:
    - Masonry
    - MJRefresh
    - ReactiveObjC
    - SDWebImage
    - SSZipArchive
    - SVProgressHUD
    - UIFontWDCustomLoader
    - "UITableView+FDTemplateLayoutCell"
    - Valet
    - XTBase
    - YYModel

SPEC CHECKSUMS:
  Masonry: 678fab65091a9290e40e2832a55e7ab731aad201
  MJRefresh: 6afc955813966afb08305477dd7a0d9ad5e79a16
  ReactiveObjC: 011caa393aa0383245f2dcf9bf02e86b80b36040
  SDWebImage: 0b2ba0d56479bf6a45ecddbfd5558bea93150d25
  SSZipArchive: fa16b8cc4cdeceb698e5e5d9f67e9558532fbf23
  SVProgressHUD: 1428aafac632c1f86f62aa4243ec12008d7a51d6
  UIFontWDCustomLoader: 233f0f83e543b8f24a6299d7fc773be9d704fe22
  "UITableView+FDTemplateLayoutCell": 5c949b4a5059c404b442926c0e80f81d10a2d66f
  Valet: 14463ef24fab8fd5809044ecedb61484b799fdd6
  XTBase: 0253bc3434a14d4a52af9e4e695ceb1ab753869e
  YYModel: 2a7fdd96aaa4b86a824e26d0c517de8928c04b30

PODFILE CHECKSUM: f871217d0303bff1e13168bb7145737935d87410

COCOAPODS: 1.10.1
